// !$*UTF8*$!
{
	archiveVersion = 1;
	classes = {
	};
	objectVersion = 46;
	objects = {

/* Begin PBXBuildFile section */
		824079EF18ADA8E60036E58D /* Foundation.framework in Frameworks */ = {isa = PBXBuildFile; fileRef = 824079EE18ADA8E60036E58D /* Foundation.framework */; };
		824079F118ADA8E60036E58D /* CoreGraphics.framework in Frameworks */ = {isa = PBXBuildFile; fileRef = 824079F018ADA8E60036E58D /* CoreGraphics.framework */; };
		824079F318ADA8E60036E58D /* UIKit.framework in Frameworks */ = {isa = PBXBuildFile; fileRef = 824079F218ADA8E60036E58D /* UIKit.framework */; };
		824079F918ADA8E60036E58D /* InfoPlist.strings in Resources */ = {isa = PBXBuildFile; fileRef = 824079F718ADA8E60036E58D /* InfoPlist.strings */; };
		824079FB18ADA8E60036E58D /* main.m in Sources */ = {isa = PBXBuildFile; fileRef = 824079FA18ADA8E60036E58D /* main.m */; };
		824079FF18ADA8E60036E58D /* JMCAppDelegate.m in Sources */ = {isa = PBXBuildFile; fileRef = 824079FE18ADA8E60036E58D /* JMCAppDelegate.m */; };
		82407A0218ADA8E60036E58D /* Main.storyboard in Resources */ = {isa = PBXBuildFile; fileRef = 82407A0018ADA8E60036E58D /* Main.storyboard */; };
		82407A0518ADA8E60036E58D /* JMCViewController.m in Sources */ = {isa = PBXBuildFile; fileRef = 82407A0418ADA8E60036E58D /* JMCViewController.m */; };
		82407A0718ADA8E70036E58D /* Images.xcassets in Resources */ = {isa = PBXBuildFile; fileRef = 82407A0618ADA8E70036E58D /* Images.xcassets */; };
		82407A0E18ADA8E70036E58D /* XCTest.framework in Frameworks */ = {isa = PBXBuildFile; fileRef = 82407A0D18ADA8E70036E58D /* XCTest.framework */; };
		82407A0F18ADA8E70036E58D /* Foundation.framework in Frameworks */ = {isa = PBXBuildFile; fileRef = 824079EE18ADA8E60036E58D /* Foundation.framework */; };
		82407A1018ADA8E70036E58D /* UIKit.framework in Frameworks */ = {isa = PBXBuildFile; fileRef = 824079F218ADA8E60036E58D /* UIKit.framework */; };
		82407A1818ADA8E70036E58D /* InfoPlist.strings in Resources */ = {isa = PBXBuildFile; fileRef = 82407A1618ADA8E70036E58D /* InfoPlist.strings */; };
		82407A1A18ADA8E70036E58D /* ZoomableAnnotationsTests.m in Sources */ = {isa = PBXBuildFile; fileRef = 82407A1918ADA8E70036E58D /* ZoomableAnnotationsTests.m */; };
		82407A2718ADAA010036E58D /* JMCAnnotationView.m in Sources */ = {isa = PBXBuildFile; fileRef = 82407A2318ADAA010036E58D /* JMCAnnotationView.m */; };
		82407A2818ADAA010036E58D /* JMCAnnotation.m in Sources */ = {isa = PBXBuildFile; fileRef = 82407A2518ADAA010036E58D /* JMCAnnotation.m */; };
/* End PBXBuildFile section */

/* Begin PBXContainerItemProxy section */
		82407A1118ADA8E70036E58D /* PBXContainerItemProxy */ = {
			isa = PBXContainerItemProxy;
			containerPortal = 824079E318ADA8E60036E58D /* Project object */;
			proxyType = 1;
			remoteGlobalIDString = 824079EA18ADA8E60036E58D;
			remoteInfo = ZoomableAnnotations;
		};
/* End PBXContainerItemProxy section */

/* Begin PBXFileReference section */
		824079EB18ADA8E60036E58D /* ZoomableAnnotations.app */ = {isa = PBXFileReference; explicitFileType = wrapper.application; includeInIndex = 0; path = ZoomableAnnotations.app; sourceTree = BUILT_PRODUCTS_DIR; };
		824079EE18ADA8E60036E58D /* Foundation.framework */ = {isa = PBXFileReference; lastKnownFileType = wrapper.framework; name = Foundation.framework; path = System/Library/Frameworks/Foundation.framework; sourceTree = SDKROOT; };
		824079F018ADA8E60036E58D /* CoreGraphics.framework */ = {isa = PBXFileReference; lastKnownFileType = wrapper.framework; name = CoreGraphics.framework; path = System/Library/Frameworks/CoreGraphics.framework; sourceTree = SDKROOT; };
		824079F218ADA8E60036E58D /* UIKit.framework */ = {isa = PBXFileReference; lastKnownFileType = wrapper.framework; name = UIKit.framework; path = System/Library/Frameworks/UIKit.framework; sourceTree = SDKROOT; };
		824079F618ADA8E60036E58D /* ZoomableAnnotations-Info.plist */ = {isa = PBXFileReference; lastKnownFileType = text.plist.xml; path = "ZoomableAnnotations-Info.plist"; sourceTree = "<group>"; };
		824079F818ADA8E60036E58D /* en */ = {isa = PBXFileReference; lastKnownFileType = text.plist.strings; name = en; path = en.lproj/InfoPlist.strings; sourceTree = "<group>"; };
		824079FA18ADA8E60036E58D /* main.m */ = {isa = PBXFileReference; lastKnownFileType = sourcecode.c.objc; path = main.m; sourceTree = "<group>"; };
		824079FC18ADA8E60036E58D /* ZoomableAnnotations-Prefix.pch */ = {isa = PBXFileReference; lastKnownFileType = sourcecode.c.h; path = "ZoomableAnnotations-Prefix.pch"; sourceTree = "<group>"; };
		824079FD18ADA8E60036E58D /* JMCAppDelegate.h */ = {isa = PBXFileReference; lastKnownFileType = sourcecode.c.h; path = JMCAppDelegate.h; sourceTree = "<group>"; };
		824079FE18ADA8E60036E58D /* JMCAppDelegate.m */ = {isa = PBXFileReference; lastKnownFileType = sourcecode.c.objc; path = JMCAppDelegate.m; sourceTree = "<group>"; };
		82407A0118ADA8E60036E58D /* Base */ = {isa = PBXFileReference; lastKnownFileType = file.storyboard; name = Base; path = Base.lproj/Main.storyboard; sourceTree = "<group>"; };
		82407A0318ADA8E60036E58D /* JMCViewController.h */ = {isa = PBXFileReference; lastKnownFileType = sourcecode.c.h; path = JMCViewController.h; sourceTree = "<group>"; };
		82407A0418ADA8E60036E58D /* JMCViewController.m */ = {isa = PBXFileReference; lastKnownFileType = sourcecode.c.objc; path = JMCViewController.m; sourceTree = "<group>"; };
		82407A0618ADA8E70036E58D /* Images.xcassets */ = {isa = PBXFileReference; lastKnownFileType = folder.assetcatalog; path = Images.xcassets; sourceTree = "<group>"; };
		82407A0C18ADA8E70036E58D /* ZoomableAnnotationsTests.xctest */ = {isa = PBXFileReference; explicitFileType = wrapper.cfbundle; includeInIndex = 0; path = ZoomableAnnotationsTests.xctest; sourceTree = BUILT_PRODUCTS_DIR; };
		82407A0D18ADA8E70036E58D /* XCTest.framework */ = {isa = PBXFileReference; lastKnownFileType = wrapper.framework; name = XCTest.framework; path = Library/Frameworks/XCTest.framework; sourceTree = DEVELOPER_DIR; };
		82407A1518ADA8E70036E58D /* ZoomableAnnotationsTests-Info.plist */ = {isa = PBXFileReference; lastKnownFileType = text.plist.xml; path = "ZoomableAnnotationsTests-Info.plist"; sourceTree = "<group>"; };
		82407A1718ADA8E70036E58D /* en */ = {isa = PBXFileReference; lastKnownFileType = text.plist.strings; name = en; path = en.lproj/InfoPlist.strings; sourceTree = "<group>"; };
		82407A1918ADA8E70036E58D /* ZoomableAnnotationsTests.m */ = {isa = PBXFileReference; lastKnownFileType = sourcecode.c.objc; path = ZoomableAnnotationsTests.m; sourceTree = "<group>"; };
		82407A2318ADAA010036E58D /* JMCAnnotationView.m */ = {isa = PBXFileReference; fileEncoding = 4; lastKnownFileType = sourcecode.c.objc; path = JMCAnnotationView.m; sourceTree = "<group>"; };
		82407A2418ADAA010036E58D /* JMCAnnotationView.h */ = {isa = PBXFileReference; fileEncoding = 4; lastKnownFileType = sourcecode.c.h; path = JMCAnnotationView.h; sourceTree = "<group>"; };
		82407A2518ADAA010036E58D /* JMCAnnotation.m */ = {isa = PBXFileReference; fileEncoding = 4; lastKnownFileType = sourcecode.c.objc; path = JMCAnnotation.m; sourceTree = "<group>"; };
		82407A2618ADAA010036E58D /* JMCAnnotation.h */ = {isa = PBXFileReference; fileEncoding = 4; lastKnownFileType = sourcecode.c.h; path = JMCAnnotation.h; sourceTree = "<group>"; };
/* End PBXFileReference section */

/* Begin PBXFrameworksBuildPhase section */
		824079E818ADA8E60036E58D /* Frameworks */ = {
			isa = PBXFrameworksBuildPhase;
			buildActionMask = 2147483647;
			files = (
				824079F118ADA8E60036E58D /* CoreGraphics.framework in Frameworks */,
				824079F318ADA8E60036E58D /* UIKit.framework in Frameworks */,
				824079EF18ADA8E60036E58D /* Foundation.framework in Frameworks */,
			);
			runOnlyForDeploymentPostprocessing = 0;
		};
		82407A0918ADA8E70036E58D /* Frameworks */ = {
			isa = PBXFrameworksBuildPhase;
			buildActionMask = 2147483647;
			files = (
				82407A0E18ADA8E70036E58D /* XCTest.framework in Frameworks */,
				82407A1018ADA8E70036E58D /* UIKit.framework in Frameworks */,
				82407A0F18ADA8E70036E58D /* Foundation.framework in Frameworks */,
			);
			runOnlyForDeploymentPostprocessing = 0;
		};
/* End PBXFrameworksBuildPhase section */

/* Begin PBXGroup section */
		824079E218ADA8E60036E58D = {
			isa = PBXGroup;
			children = (
				824079F418ADA8E60036E58D /* ZoomableAnnotations */,
				82407A1318ADA8E70036E58D /* ZoomableAnnotationsTests */,
				824079ED18ADA8E60036E58D /* Frameworks */,
				824079EC18ADA8E60036E58D /* Products */,
			);
			sourceTree = "<group>";
		};
		824079EC18ADA8E60036E58D /* Products */ = {
			isa = PBXGroup;
			children = (
				824079EB18ADA8E60036E58D /* ZoomableAnnotations.app */,
				82407A0C18ADA8E70036E58D /* ZoomableAnnotationsTests.xctest */,
			);
			name = Products;
			sourceTree = "<group>";
		};
		824079ED18ADA8E60036E58D /* Frameworks */ = {
			isa = PBXGroup;
			children = (
				824079EE18ADA8E60036E58D /* Foundation.framework */,
				824079F018ADA8E60036E58D /* CoreGraphics.framework */,
				824079F218ADA8E60036E58D /* UIKit.framework */,
				82407A0D18ADA8E70036E58D /* XCTest.framework */,
			);
			name = Frameworks;
			sourceTree = "<group>";
		};
		824079F418ADA8E60036E58D /* ZoomableAnnotations */ = {
			isa = PBXGroup;
			children = (
				824079FD18ADA8E60036E58D /* JMCAppDelegate.h */,
				824079FE18ADA8E60036E58D /* JMCAppDelegate.m */,
				82407A0018ADA8E60036E58D /* Main.storyboard */,
				82407A0318ADA8E60036E58D /* JMCViewController.h */,
				82407A0418ADA8E60036E58D /* JMCViewController.m */,
				82407A2318ADAA010036E58D /* JMCAnnotationView.m */,
				82407A2418ADAA010036E58D /* JMCAnnotationView.h */,
				82407A2518ADAA010036E58D /* JMCAnnotation.m */,
				82407A2618ADAA010036E58D /* JMCAnnotation.h */,
				82407A0618ADA8E70036E58D /* Images.xcassets */,
				824079F518ADA8E60036E58D /* Supporting Files */,
			);
			path = ZoomableAnnotations;
			sourceTree = "<group>";
		};
		824079F518ADA8E60036E58D /* Supporting Files */ = {
			isa = PBXGroup;
			children = (
				824079F618ADA8E60036E58D /* ZoomableAnnotations-Info.plist */,
				824079F718ADA8E60036E58D /* InfoPlist.strings */,
				824079FA18ADA8E60036E58D /* main.m */,
				824079FC18ADA8E60036E58D /* ZoomableAnnotations-Prefix.pch */,
			);
			name = "Supporting Files";
			sourceTree = "<group>";
		};
		82407A1318ADA8E70036E58D /* ZoomableAnnotationsTests */ = {
			isa = PBXGroup;
			children = (
				82407A1918ADA8E70036E58D /* ZoomableAnnotationsTests.m */,
				82407A1418ADA8E70036E58D /* Supporting Files */,
			);
			path = ZoomableAnnotationsTests;
			sourceTree = "<group>";
		};
		82407A1418ADA8E70036E58D /* Supporting Files */ = {
			isa = PBXGroup;
			children = (
				82407A1518ADA8E70036E58D /* ZoomableAnnotationsTests-Info.plist */,
				82407A1618ADA8E70036E58D /* InfoPlist.strings */,
			);
			name = "Supporting Files";
			sourceTree = "<group>";
		};
/* End PBXGroup section */

/* Begin PBXNativeTarget section */
		824079EA18ADA8E60036E58D /* ZoomableAnnotations */ = {
			isa = PBXNativeTarget;
			buildConfigurationList = 82407A1D18ADA8E70036E58D /* Build configuration list for PBXNativeTarget "ZoomableAnnotations" */;
			buildPhases = (
				824079E718ADA8E60036E58D /* Sources */,
				824079E818ADA8E60036E58D /* Frameworks */,
				824079E918ADA8E60036E58D /* Resources */,
			);
			buildRules = (
			);
			dependencies = (
			);
			name = ZoomableAnnotations;
			productName = ZoomableAnnotations;
			productReference = 824079EB18ADA8E60036E58D /* ZoomableAnnotations.app */;
			productType = "com.apple.product-type.application";
		};
		82407A0B18ADA8E70036E58D /* ZoomableAnnotationsTests */ = {
			isa = PBXNativeTarget;
			buildConfigurationList = 82407A2018ADA8E70036E58D /* Build configuration list for PBXNativeTarget "ZoomableAnnotationsTests" */;
			buildPhases = (
				82407A0818ADA8E70036E58D /* Sources */,
				82407A0918ADA8E70036E58D /* Frameworks */,
				82407A0A18ADA8E70036E58D /* Resources */,
			);
			buildRules = (
			);
			dependencies = (
				82407A1218ADA8E70036E58D /* PBXTargetDependency */,
			);
			name = ZoomableAnnotationsTests;
			productName = ZoomableAnnotationsTests;
			productReference = 82407A0C18ADA8E70036E58D /* ZoomableAnnotationsTests.xctest */;
			productType = "com.apple.product-type.bundle.unit-test";
		};
/* End PBXNativeTarget section */

/* Begin PBXProject section */
		824079E318ADA8E60036E58D /* Project object */ = {
			isa = PBXProject;
			attributes = {
				CLASSPREFIX = JMC;
				LastUpgradeCheck = 0500;
				ORGANIZATIONNAME = JanuszChudzynski;
				TargetAttributes = {
					82407A0B18ADA8E70036E58D = {
						TestTargetID = 824079EA18ADA8E60036E58D;
					};
				};
			};
			buildConfigurationList = 824079E618ADA8E60036E58D /* Build configuration list for PBXProject "ZoomableAnnotations" */;
			compatibilityVersion = "Xcode 3.2";
			developmentRegion = English;
			hasScannedForEncodings = 0;
			knownRegions = (
				en,
				Base,
			);
			mainGroup = 824079E218ADA8E60036E58D;
			productRefGroup = 824079EC18ADA8E60036E58D /* Products */;
			projectDirPath = "";
			projectRoot = "";
			targets = (
				824079EA18ADA8E60036E58D /* ZoomableAnnotations */,
				82407A0B18ADA8E70036E58D /* ZoomableAnnotationsTests */,
			);
		};
/* End PBXProject section */

/* Begin PBXResourcesBuildPhase section */
		824079E918ADA8E60036E58D /* Resources */ = {
			isa = PBXResourcesBuildPhase;
			buildActionMask = 2147483647;
			files = (
				82407A0718ADA8E70036E58D /* Images.xcassets in Resources */,
				824079F918ADA8E60036E58D /* InfoPlist.strings in Resources */,
				82407A0218ADA8E60036E58D /* Main.storyboard in Resources */,
			);
			runOnlyForDeploymentPostprocessing = 0;
		};
		82407A0A18ADA8E70036E58D /* Resources */ = {
			isa = PBXResourcesBuildPhase;
			buildActionMask = 2147483647;
			files = (
				82407A1818ADA8E70036E58D /* InfoPlist.strings in Resources */,
			);
			runOnlyForDeploymentPostprocessing = 0;
		};
/* End PBXResourcesBuildPhase section */

/* Begin PBXSourcesBuildPhase section */
		824079E718ADA8E60036E58D /* Sources */ = {
			isa = PBXSourcesBuildPhase;
			buildActionMask = 2147483647;
			files = (
				82407A2718ADAA010036E58D /* JMCAnnotationView.m in Sources */,
				824079FB18ADA8E60036E58D /* main.m in Sources */,
				824079FF18ADA8E60036E58D /* JMCAppDelegate.m in Sources */,
				82407A0518ADA8E60036E58D /* JMCViewController.m in Sources */,
				82407A2818ADAA010036E58D /* JMCAnnotation.m in Sources */,
			);
			runOnlyForDeploymentPostprocessing = 0;
		};
		82407A0818ADA8E70036E58D /* Sources */ = {
			isa = PBXSourcesBuildPhase;
			buildActionMask = 2147483647;
			files = (
				82407A1A18ADA8E70036E58D /* ZoomableAnnotationsTests.m in Sources */,
			);
			runOnlyForDeploymentPostprocessing = 0;
		};
/* End PBXSourcesBuildPhase section */

/* Begin PBXTargetDependency section */
		82407A1218ADA8E70036E58D /* PBXTargetDependency */ = {
			isa = PBXTargetDependency;
			target = 824079EA18ADA8E60036E58D /* ZoomableAnnotations */;
			targetProxy = 82407A1118ADA8E70036E58D /* PBXContainerItemProxy */;
		};
/* End PBXTargetDependency section */

/* Begin PBXVariantGroup section */
		824079F718ADA8E60036E58D /* InfoPlist.strings */ = {
			isa = PBXVariantGroup;
			children = (
				824079F818ADA8E60036E58D /* en */,
			);
			name = InfoPlist.strings;
			sourceTree = "<group>";
		};
		82407A0018ADA8E60036E58D /* Main.storyboard */ = {
			isa = PBXVariantGroup;
			children = (
				82407A0118ADA8E60036E58D /* Base */,
			);
			name = Main.storyboard;
			sourceTree = "<group>";
		};
		82407A1618ADA8E70036E58D /* InfoPlist.strings */ = {
			isa = PBXVariantGroup;
			children = (
				82407A1718ADA8E70036E58D /* en */,
			);
			name = InfoPlist.strings;
			sourceTree = "<group>";
		};
/* End PBXVariantGroup section */

/* Begin XCBuildConfiguration section */
		82407A1B18ADA8E70036E58D /* Debug */ = {
			isa = XCBuildConfiguration;
			buildSettings = {
				ALWAYS_SEARCH_USER_PATHS = NO;
				ARCHS = "$(ARCHS_STANDARD_INCLUDING_64_BIT)";
				CLANG_CXX_LANGUAGE_STANDARD = "gnu++0x";
				CLANG_CXX_LIBRARY = "libc++";
				CLANG_ENABLE_MODULES = YES;
				CLANG_ENABLE_OBJC_ARC = YES;
				CLANG_WARN_BOOL_CONVERSION = YES;
				CLANG_WARN_CONSTANT_CONVERSION = YES;
				CLANG_WARN_DIRECT_OBJC_ISA_USAGE = YES_ERROR;
				CLANG_WARN_EMPTY_BODY = YES;
				CLANG_WARN_ENUM_CONVERSION = YES;
				CLANG_WARN_INT_CONVERSION = YES;
				CLANG_WARN_OBJC_ROOT_CLASS = YES_ERROR;
				CLANG_WARN__DUPLICATE_METHOD_MATCH = YES;
				"CODE_SIGN_IDENTITY[sdk=iphoneos*]" = "iPhone Developer";
				COPY_PHASE_STRIP = NO;
				GCC_C_LANGUAGE_STANDARD = gnu99;
				GCC_DYNAMIC_NO_PIC = NO;
				GCC_OPTIMIZATION_LEVEL = 0;
				GCC_PREPROCESSOR_DEFINITIONS = (
					"DEBUG=1",
					"$(inherited)",
				);
				GCC_SYMBOLS_PRIVATE_EXTERN = NO;
				GCC_WARN_64_TO_32_BIT_CONVERSION = YES;
				GCC_WARN_ABOUT_RETURN_TYPE = YES_ERROR;
				GCC_WARN_UNDECLARED_SELECTOR = YES;
				GCC_WARN_UNINITIALIZED_AUTOS = YES;
				GCC_WARN_UNUSED_FUNCTION = YES;
				GCC_WARN_UNUSED_VARIABLE = YES;
				IPHONEOS_DEPLOYMENT_TARGET = 7.0;
				ONLY_ACTIVE_ARCH = YES;
				SDKROOT = iphoneos;
			};
			name = Debug;
		};
		82407A1C18ADA8E70036E58D /* Release */ = {
			isa = XCBuildConfiguration;
			buildSettings = {
				ALWAYS_SEARCH_USER_PATHS = NO;
				ARCHS = "$(ARCHS_STANDARD_INCLUDING_64_BIT)";
				CLANG_CXX_LANGUAGE_STANDARD = "gnu++0x";
				CLANG_CXX_LIBRARY = "libc++";
				CLANG_ENABLE_MODULES = YES;
				CLANG_ENABLE_OBJC_ARC = YES;
				CLANG_WARN_BOOL_CONVERSION = YES;
				CLANG_WARN_CONSTANT_CONVERSION = YES;
				CLANG_WARN_DIRECT_OBJC_ISA_USAGE = YES_ERROR;
				CLANG_WARN_EMPTY_BODY = YES;
				CLANG_WARN_ENUM_CONVERSION = YES;
				CLANG_WARN_INT_CONVERSION = YES;
				CLANG_WARN_OBJC_ROOT_CLASS = YES_ERROR;
				CLANG_WARN__DUPLICATE_METHOD_MATCH = YES;
				"CODE_SIGN_IDENTITY[sdk=iphoneos*]" = "iPhone Developer";
				COPY_PHASE_STRIP = YES;
				ENABLE_NS_ASSERTIONS = NO;
				GCC_C_LANGUAGE_STANDARD = gnu99;
				GCC_WARN_64_TO_32_BIT_CONVERSION = YES;
				GCC_WARN_ABOUT_RETURN_TYPE = YES_ERROR;
				GCC_WARN_UNDECLARED_SELECTOR = YES;
				GCC_WARN_UNINITIALIZED_AUTOS = YES;
				GCC_WARN_UNUSED_FUNCTION = YES;
				GCC_WARN_UNUSED_VARIABLE = YES;
				IPHONEOS_DEPLOYMENT_TARGET = 7.0;
				SDKROOT = iphoneos;
				VALIDATE_PRODUCT = YES;
			};
			name = Release;
		};
		82407A1E18ADA8E70036E58D /* Debug */ = {
			isa = XCBuildConfiguration;
			buildSettings = {
				ASSETCATALOG_COMPILER_APPICON_NAME = AppIcon;
				ASSETCATALOG_COMPILER_LAUNCHIMAGE_NAME = LaunchImage;
				GCC_PRECOMPILE_PREFIX_HEADER = YES;
				GCC_PREFIX_HEADER = "ZoomableAnnotations/ZoomableAnnotations-Prefix.pch";
				INFOPLIST_FILE = "ZoomableAnnotations/ZoomableAnnotations-Info.plist";
				PRODUCT_NAME = "$(TARGET_NAME)";
				WRAPPER_EXTENSION = app;
			};
			name = Debug;
		};
		82407A1F18ADA8E70036E58D /* Release */ = {
			isa = XCBuildConfiguration;
			buildSettings = {
				ASSETCATALOG_COMPILER_APPICON_NAME = AppIcon;
				ASSETCATALOG_COMPILER_LAUNCHIMAGE_NAME = LaunchImage;
				GCC_PRECOMPILE_PREFIX_HEADER = YES;
				GCC_PREFIX_HEADER = "ZoomableAnnotations/ZoomableAnnotations-Prefix.pch";
				INFOPLIST_FILE = "ZoomableAnnotations/ZoomableAnnotations-Info.plist";
				PRODUCT_NAME = "$(TARGET_NAME)";
				WRAPPER_EXTENSION = app;
			};
			name = Release;
		};
		82407A2118ADA8E70036E58D /* Debug */ = {
			isa = XCBuildConfiguration;
			buildSettings = {
				ARCHS = "$(ARCHS_STANDARD_INCLUDING_64_BIT)";
				BUNDLE_LOADER = "$(BUILT_PRODUCTS_DIR)/ZoomableAnnotations.app/ZoomableAnnotations";
				FRAMEWORK_SEARCH_PATHS = (
					"$(SDKROOT)/Developer/Library/Frameworks",
					"$(inherited)",
					"$(DEVELOPER_FRAMEWORKS_DIR)",
				);
				GCC_PRECOMPILE_PREFIX_HEADER = YES;
				GCC_PREFIX_HEADER = "ZoomableAnnotations/ZoomableAnnotations-Prefix.pch";
				GCC_PREPROCESSOR_DEFINITIONS = (
					"DEBUG=1",
					"$(inherited)",
				);
				INFOPLIST_FILE = "ZoomableAnnotationsTests/ZoomableAnnotationsTests-Info.plist";
				PRODUCT_NAME = "$(TARGET_NAME)";
				TEST_HOST = "$(BUNDLE_LOADER)";
				WRAPPER_EXTENSION = xctest;
			};
			name = Debug;
		};
		82407A2218ADA8E70036E58D /* Release */ = {
			isa = XCBuildConfiguration;
			buildSettings = {
				ARCHS = "$(ARCHS_STANDARD_INCLUDING_64_BIT)";
				BUNDLE_LOADER = "$(BUILT_PRODUCTS_DIR)/ZoomableAnnotations.app/ZoomableAnnotations";
				FRAMEWORK_SEARCH_PATHS = (
					"$(SDKROOT)/Developer/Library/Frameworks",
					"$(inherited)",
					"$(DEVELOPER_FRAMEWORKS_DIR)",
				);
				GCC_PRECOMPILE_PREFIX_HEADER = YES;
				GCC_PREFIX_HEADER = "ZoomableAnnotations/ZoomableAnnotations-Prefix.pch";
				INFOPLIST_FILE = "ZoomableAnnotationsTests/ZoomableAnnotationsTests-Info.plist";
				PRODUCT_NAME = "$(TARGET_NAME)";
				TEST_HOST = "$(BUNDLE_LOADER)";
				WRAPPER_EXTENSION = xctest;
			};
			name = Release;
		};
/* End XCBuildConfiguration section */

/* Begin XCConfigurationList section */
		824079E618ADA8E60036E58D /* Build configuration list for PBXProject "ZoomableAnnotations" */ = {
			isa = XCConfigurationList;
			buildConfigurations = (
				82407A1B18ADA8E70036E58D /* Debug */,
				82407A1C18ADA8E70036E58D /* Release */,
			);
			defaultConfigurationIsVisible = 0;
			defaultConfigurationName = Release;
		};
		82407A1D18ADA8E70036E58D /* Build configuration list for PBXNativeTarget "ZoomableAnnotations" */ = {
			isa = XCConfigurationList;
			buildConfigurations = (
				82407A1E18ADA8E70036E58D /* Debug */,
				82407A1F18ADA8E70036E58D /* Release */,
			);
			defaultConfigurationIsVisible = 0;
		};
		82407A2018ADA8E70036E58D /* Build configuration list for PBXNativeTarget "ZoomableAnnotationsTests" */ = {
			isa = XCConfigurationList;
			buildConfigurations = (
				82407A2118ADA8E70036E58D /* Debug */,
				82407A2218ADA8E70036E58D /* Release */,
			);
			defaultConfigurationIsVisible = 0;
		};
/* End XCConfigurationList section */
	};
	rootObject = 824079E318ADA8E60036E58D /* Project object */;
}
